
Microsoft Visual Studio Solution File, Format Version 12.00
# Visual Studio Version 17
VisualStudioVersion = 17.3.32901.215
MinimumVisualStudioVersion = 10.0.40219.1
Project("{2150E333-8FDC-42A3-9474-1A3956D46DE8}") = "5. Presentation", "5. Presentation", "{A8E9948F-CC62-4180-8153-FA133E45BA8D}"
EndProject
Project("{2150E333-8FDC-42A3-9474-1A3956D46DE8}") = "4. WebAPI", "4. WebAPI", "{AC608B4E-1A15-4336-9A50-6830CED61579}"
EndProject
Project("{9A19103F-16F7-4668-BE54-9A1E7A4F7556}") = "MyMoviesList", "MoviesTVShowList\MyMoviesList.csproj", "{73300532-4C95-4286-9CC6-FF73C1D0526F}"
EndProject
Project("{2150E333-8FDC-42A3-9474-1A3956D46DE8}") = "1. EntityFramework", "1. EntityFramework", "{212902C0-B325-4F97-AA5A-CA2D79CCF62D}"
EndProject
Project("{9A19103F-16F7-4668-BE54-9A1E7A4F7556}") = "Entities", "Entities\Entities.csproj", "{BC1E8745-ECCF-4EAE-8CCC-E3DC82A01704}"
EndProject
Project("{2150E333-8FDC-42A3-9474-1A3956D46DE8}") = "2. DatabaseAccess", "2. DatabaseAccess", "{AAB9457C-C5D0-4DDE-9A83-67ACFC8523C6}"
EndProject
Project("{9A19103F-16F7-4668-BE54-9A1E7A4F7556}") = "DatabaseContext", "DatabaseContext\DatabaseContext.csproj", "{6ACB992F-4C85-4FD4-8B1B-C81595AEFBCD}"
EndProject
Project("{54A90642-561A-4BB1-A94E-469ADEE60C69}") = "MyMoviesList.UI", "MyMoviesList\MyMoviesList.UI.esproj", "{A8E59652-6D73-4484-95E7-96E938941914}"
EndProject
Project("{2150E333-8FDC-42A3-9474-1A3956D46DE8}") = "3. Services", "3. Services", "{12084A97-DA42-4F35-BE26-1897958E4C6A}"
EndProject
Project("{9A19103F-16F7-4668-BE54-9A1E7A4F7556}") = "Services.Authentication", "Services.Authentication\Services.Authentication.csproj", "{0526340E-9285-4C19-8AAA-7C8536575A2F}"
EndProject
Project("{2150E333-8FDC-42A3-9474-1A3956D46DE8}") = "0. CrossCutting", "0. CrossCutting", "{28E21CB2-688A-4E85-8D40-49A5619A62F5}"
EndProject
Project("{9A19103F-16F7-4668-BE54-9A1E7A4F7556}") = "MyMoviesList.Configuration", "MyMoviesList.Configuration\MyMoviesList.Configuration.csproj", "{01A8A582-FE4F-4DC7-94BC-A3B95FBCA19F}"
EndProject
Project("{9A19103F-16F7-4668-BE54-9A1E7A4F7556}") = "Services.UsersAdmin", "Services.Users\Services.UsersAdmin.csproj", "{E759E97B-C0CB-4A73-8ED7-ECD6888A54A2}"
EndProject
Project("{9A19103F-16F7-4668-BE54-9A1E7A4F7556}") = "Services.MoviesAdmin", "Services.AddMovie\Services.MoviesAdmin.csproj", "{AF0CA4D6-C9F6-4A50-B924-56BD3354E97F}"
EndProject
Project("{9A19103F-16F7-4668-BE54-9A1E7A4F7556}") = "Services.PersonAdmin", "Services.PersonAdmin\Services.PersonAdmin.csproj", "{5466FB1A-70D8-4E40-93C7-EC6E477FF730}"
EndProject
Project("{9A19103F-16F7-4668-BE54-9A1E7A4F7556}") = "Services.Profile", "Services.Profile\Services.Profile.csproj", "{16F421AF-5C76-4522-A154-DC813F0525AC}"
EndProject
Project("{9A19103F-16F7-4668-BE54-9A1E7A4F7556}") = "Services.Discussions", "Services.Discussions\Services.Discussions.csproj", "{5A9CA5A1-A755-4782-8448-6D44524000B1}"
EndProject
Project("{9A19103F-16F7-4668-BE54-9A1E7A4F7556}") = "MyMoviesList.Extensions", "MyMoviesList.Extensions\MyMoviesList.Extensions.csproj", "{CCF09D61-BC3B-4CE6-8FAB-A2F94F79D5EA}"
EndProject
Project("{9A19103F-16F7-4668-BE54-9A1E7A4F7556}") = "Services.MovieSearch", "Services.MovieSearch\Services.MovieSearch.csproj", "{99580713-2898-48D6-ABF6-89C559E820DC}"
EndProject
Project("{9A19103F-16F7-4668-BE54-9A1E7A4F7556}") = "Services.Frontpage", "Services.Frontpage\Services.Frontpage.csproj", "{467074C0-CB02-4744-8F79-F4F04EF05019}"
EndProject
Project("{9A19103F-16F7-4668-BE54-9A1E7A4F7556}") = "Services.MovieInfo", "Services.MovieInfo\Services.MovieInfo.csproj", "{920BBD49-18AA-437A-9B0B-9F8AF28FFF53}"
EndProject
Project("{9A19103F-16F7-4668-BE54-9A1E7A4F7556}") = "Services.PersonInfo", "Services.PersonInfo\Services.PersonInfo.csproj", "{09570F37-C61F-4B69-A9C4-7B76E9655F52}"
EndProject
Project("{9A19103F-16F7-4668-BE54-9A1E7A4F7556}") = "Services.UserSupport", "Services.UserSupport\Services.UserSupport.csproj", "{FF190951-9C80-4849-BC8A-9706FF776885}"
EndProject
Project("{FAE04EC0-301F-11D3-BF4B-00C04F79EFBC}") = "Services.EmailSender", "Services.EmailSender\Services.EmailSender.csproj", "{61BFC695-72F9-4A57-ADAC-AFD7E902C233}"
EndProject
Global
	GlobalSection(SolutionConfigurationPlatforms) = preSolution
		Debug|Any CPU = Debug|Any CPU
		Release|Any CPU = Release|Any CPU
	EndGlobalSection
	GlobalSection(ProjectConfigurationPlatforms) = postSolution
		{73300532-4C95-4286-9CC6-FF73C1D0526F}.Debug|Any CPU.ActiveCfg = Debug|Any CPU
		{73300532-4C95-4286-9CC6-FF73C1D0526F}.Debug|Any CPU.Build.0 = Debug|Any CPU
		{73300532-4C95-4286-9CC6-FF73C1D0526F}.Release|Any CPU.ActiveCfg = Release|Any CPU
		{73300532-4C95-4286-9CC6-FF73C1D0526F}.Release|Any CPU.Build.0 = Release|Any CPU
		{BC1E8745-ECCF-4EAE-8CCC-E3DC82A01704}.Debug|Any CPU.ActiveCfg = Debug|Any CPU
		{BC1E8745-ECCF-4EAE-8CCC-E3DC82A01704}.Debug|Any CPU.Build.0 = Debug|Any CPU
		{BC1E8745-ECCF-4EAE-8CCC-E3DC82A01704}.Release|Any CPU.ActiveCfg = Release|Any CPU
		{BC1E8745-ECCF-4EAE-8CCC-E3DC82A01704}.Release|Any CPU.Build.0 = Release|Any CPU
		{6ACB992F-4C85-4FD4-8B1B-C81595AEFBCD}.Debug|Any CPU.ActiveCfg = Debug|Any CPU
		{6ACB992F-4C85-4FD4-8B1B-C81595AEFBCD}.Debug|Any CPU.Build.0 = Debug|Any CPU
		{6ACB992F-4C85-4FD4-8B1B-C81595AEFBCD}.Release|Any CPU.ActiveCfg = Release|Any CPU
		{6ACB992F-4C85-4FD4-8B1B-C81595AEFBCD}.Release|Any CPU.Build.0 = Release|Any CPU
		{A8E59652-6D73-4484-95E7-96E938941914}.Debug|Any CPU.ActiveCfg = Debug|Any CPU
		{A8E59652-6D73-4484-95E7-96E938941914}.Debug|Any CPU.Build.0 = Debug|Any CPU
		{A8E59652-6D73-4484-95E7-96E938941914}.Debug|Any CPU.Deploy.0 = Debug|Any CPU
		{A8E59652-6D73-4484-95E7-96E938941914}.Release|Any CPU.ActiveCfg = Release|Any CPU
		{A8E59652-6D73-4484-95E7-96E938941914}.Release|Any CPU.Build.0 = Release|Any CPU
		{A8E59652-6D73-4484-95E7-96E938941914}.Release|Any CPU.Deploy.0 = Release|Any CPU
		{0526340E-9285-4C19-8AAA-7C8536575A2F}.Debug|Any CPU.ActiveCfg = Debug|Any CPU
		{0526340E-9285-4C19-8AAA-7C8536575A2F}.Debug|Any CPU.Build.0 = Debug|Any CPU
		{0526340E-9285-4C19-8AAA-7C8536575A2F}.Release|Any CPU.ActiveCfg = Release|Any CPU
		{0526340E-9285-4C19-8AAA-7C8536575A2F}.Release|Any CPU.Build.0 = Release|Any CPU
		{01A8A582-FE4F-4DC7-94BC-A3B95FBCA19F}.Debug|Any CPU.ActiveCfg = Debug|Any CPU
		{01A8A582-FE4F-4DC7-94BC-A3B95FBCA19F}.Debug|Any CPU.Build.0 = Debug|Any CPU
		{01A8A582-FE4F-4DC7-94BC-A3B95FBCA19F}.Release|Any CPU.ActiveCfg = Release|Any CPU
		{01A8A582-FE4F-4DC7-94BC-A3B95FBCA19F}.Release|Any CPU.Build.0 = Release|Any CPU
		{E759E97B-C0CB-4A73-8ED7-ECD6888A54A2}.Debug|Any CPU.ActiveCfg = Debug|Any CPU
		{E759E97B-C0CB-4A73-8ED7-ECD6888A54A2}.Debug|Any CPU.Build.0 = Debug|Any CPU
		{E759E97B-C0CB-4A73-8ED7-ECD6888A54A2}.Release|Any CPU.ActiveCfg = Release|Any CPU
		{E759E97B-C0CB-4A73-8ED7-ECD6888A54A2}.Release|Any CPU.Build.0 = Release|Any CPU
		{AF0CA4D6-C9F6-4A50-B924-56BD3354E97F}.Debug|Any CPU.ActiveCfg = Debug|Any CPU
		{AF0CA4D6-C9F6-4A50-B924-56BD3354E97F}.Debug|Any CPU.Build.0 = Debug|Any CPU
		{AF0CA4D6-C9F6-4A50-B924-56BD3354E97F}.Release|Any CPU.ActiveCfg = Release|Any CPU
		{AF0CA4D6-C9F6-4A50-B924-56BD3354E97F}.Release|Any CPU.Build.0 = Release|Any CPU
		{5466FB1A-70D8-4E40-93C7-EC6E477FF730}.Debug|Any CPU.ActiveCfg = Debug|Any CPU
		{5466FB1A-70D8-4E40-93C7-EC6E477FF730}.Debug|Any CPU.Build.0 = Debug|Any CPU
		{5466FB1A-70D8-4E40-93C7-EC6E477FF730}.Release|Any CPU.ActiveCfg = Release|Any CPU
		{5466FB1A-70D8-4E40-93C7-EC6E477FF730}.Release|Any CPU.Build.0 = Release|Any CPU
		{16F421AF-5C76-4522-A154-DC813F0525AC}.Debug|Any CPU.ActiveCfg = Debug|Any CPU
		{16F421AF-5C76-4522-A154-DC813F0525AC}.Debug|Any CPU.Build.0 = Debug|Any CPU
		{16F421AF-5C76-4522-A154-DC813F0525AC}.Release|Any CPU.ActiveCfg = Release|Any CPU
		{16F421AF-5C76-4522-A154-DC813F0525AC}.Release|Any CPU.Build.0 = Release|Any CPU
		{5A9CA5A1-A755-4782-8448-6D44524000B1}.Debug|Any CPU.ActiveCfg = Debug|Any CPU
		{5A9CA5A1-A755-4782-8448-6D44524000B1}.Debug|Any CPU.Build.0 = Debug|Any CPU
		{5A9CA5A1-A755-4782-8448-6D44524000B1}.Release|Any CPU.ActiveCfg = Release|Any CPU
		{5A9CA5A1-A755-4782-8448-6D44524000B1}.Release|Any CPU.Build.0 = Release|Any CPU
		{CCF09D61-BC3B-4CE6-8FAB-A2F94F79D5EA}.Debug|Any CPU.ActiveCfg = Debug|Any CPU
		{CCF09D61-BC3B-4CE6-8FAB-A2F94F79D5EA}.Debug|Any CPU.Build.0 = Debug|Any CPU
		{CCF09D61-BC3B-4CE6-8FAB-A2F94F79D5EA}.Release|Any CPU.ActiveCfg = Release|Any CPU
		{CCF09D61-BC3B-4CE6-8FAB-A2F94F79D5EA}.Release|Any CPU.Build.0 = Release|Any CPU
		{99580713-2898-48D6-ABF6-89C559E820DC}.Debug|Any CPU.ActiveCfg = Debug|Any CPU
		{99580713-2898-48D6-ABF6-89C559E820DC}.Debug|Any CPU.Build.0 = Debug|Any CPU
		{99580713-2898-48D6-ABF6-89C559E820DC}.Release|Any CPU.ActiveCfg = Release|Any CPU
		{99580713-2898-48D6-ABF6-89C559E820DC}.Release|Any CPU.Build.0 = Release|Any CPU
		{467074C0-CB02-4744-8F79-F4F04EF05019}.Debug|Any CPU.ActiveCfg = Debug|Any CPU
		{467074C0-CB02-4744-8F79-F4F04EF05019}.Debug|Any CPU.Build.0 = Debug|Any CPU
		{467074C0-CB02-4744-8F79-F4F04EF05019}.Release|Any CPU.ActiveCfg = Release|Any CPU
		{467074C0-CB02-4744-8F79-F4F04EF05019}.Release|Any CPU.Build.0 = Release|Any CPU
		{920BBD49-18AA-437A-9B0B-9F8AF28FFF53}.Debug|Any CPU.ActiveCfg = Debug|Any CPU
		{920BBD49-18AA-437A-9B0B-9F8AF28FFF53}.Debug|Any CPU.Build.0 = Debug|Any CPU
		{920BBD49-18AA-437A-9B0B-9F8AF28FFF53}.Release|Any CPU.ActiveCfg = Release|Any CPU
		{920BBD49-18AA-437A-9B0B-9F8AF28FFF53}.Release|Any CPU.Build.0 = Release|Any CPU
		{09570F37-C61F-4B69-A9C4-7B76E9655F52}.Debug|Any CPU.ActiveCfg = Debug|Any CPU
		{09570F37-C61F-4B69-A9C4-7B76E9655F52}.Debug|Any CPU.Build.0 = Debug|Any CPU
		{09570F37-C61F-4B69-A9C4-7B76E9655F52}.Release|Any CPU.ActiveCfg = Release|Any CPU
		{09570F37-C61F-4B69-A9C4-7B76E9655F52}.Release|Any CPU.Build.0 = Release|Any CPU
		{FF190951-9C80-4849-BC8A-9706FF776885}.Debug|Any CPU.ActiveCfg = Debug|Any CPU
		{FF190951-9C80-4849-BC8A-9706FF776885}.Debug|Any CPU.Build.0 = Debug|Any CPU
		{FF190951-9C80-4849-BC8A-9706FF776885}.Release|Any CPU.ActiveCfg = Release|Any CPU
		{FF190951-9C80-4849-BC8A-9706FF776885}.Release|Any CPU.Build.0 = Release|Any CPU
		{61BFC695-72F9-4A57-ADAC-AFD7E902C233}.Debug|Any CPU.ActiveCfg = Debug|Any CPU
		{61BFC695-72F9-4A57-ADAC-AFD7E902C233}.Debug|Any CPU.Build.0 = Debug|Any CPU
		{61BFC695-72F9-4A57-ADAC-AFD7E902C233}.Release|Any CPU.ActiveCfg = Release|Any CPU
		{61BFC695-72F9-4A57-ADAC-AFD7E902C233}.Release|Any CPU.Build.0 = Release|Any CPU
	EndGlobalSection
	GlobalSection(SolutionProperties) = preSolution
		HideSolutionNode = FALSE
	EndGlobalSection
	GlobalSection(NestedProjects) = preSolution
		{73300532-4C95-4286-9CC6-FF73C1D0526F} = {AC608B4E-1A15-4336-9A50-6830CED61579}
		{BC1E8745-ECCF-4EAE-8CCC-E3DC82A01704} = {212902C0-B325-4F97-AA5A-CA2D79CCF62D}
		{6ACB992F-4C85-4FD4-8B1B-C81595AEFBCD} = {AAB9457C-C5D0-4DDE-9A83-67ACFC8523C6}
		{A8E59652-6D73-4484-95E7-96E938941914} = {A8E9948F-CC62-4180-8153-FA133E45BA8D}
		{0526340E-9285-4C19-8AAA-7C8536575A2F} = {12084A97-DA42-4F35-BE26-1897958E4C6A}
		{01A8A582-FE4F-4DC7-94BC-A3B95FBCA19F} = {28E21CB2-688A-4E85-8D40-49A5619A62F5}
		{E759E97B-C0CB-4A73-8ED7-ECD6888A54A2} = {12084A97-DA42-4F35-BE26-1897958E4C6A}
		{AF0CA4D6-C9F6-4A50-B924-56BD3354E97F} = {12084A97-DA42-4F35-BE26-1897958E4C6A}
		{5466FB1A-70D8-4E40-93C7-EC6E477FF730} = {12084A97-DA42-4F35-BE26-1897958E4C6A}
		{16F421AF-5C76-4522-A154-DC813F0525AC} = {12084A97-DA42-4F35-BE26-1897958E4C6A}
		{5A9CA5A1-A755-4782-8448-6D44524000B1} = {12084A97-DA42-4F35-BE26-1897958E4C6A}
		{CCF09D61-BC3B-4CE6-8FAB-A2F94F79D5EA} = {28E21CB2-688A-4E85-8D40-49A5619A62F5}
		{99580713-2898-48D6-ABF6-89C559E820DC} = {12084A97-DA42-4F35-BE26-1897958E4C6A}
		{467074C0-CB02-4744-8F79-F4F04EF05019} = {12084A97-DA42-4F35-BE26-1897958E4C6A}
		{920BBD49-18AA-437A-9B0B-9F8AF28FFF53} = {12084A97-DA42-4F35-BE26-1897958E4C6A}
		{09570F37-C61F-4B69-A9C4-7B76E9655F52} = {12084A97-DA42-4F35-BE26-1897958E4C6A}
		{FF190951-9C80-4849-BC8A-9706FF776885} = {12084A97-DA42-4F35-BE26-1897958E4C6A}
		{61BFC695-72F9-4A57-ADAC-AFD7E902C233} = {12084A97-DA42-4F35-BE26-1897958E4C6A}
	EndGlobalSection
	GlobalSection(ExtensibilityGlobals) = postSolution
		SolutionGuid = {685D50A6-4949-428B-AFCB-B687078BEECE}
	EndGlobalSection
EndGlobal
